
Microsoft Visual Studio Solution File, Format Version 12.00
# Visual Studio Version 17
VisualStudioVersion = 17.1.32210.238
MinimumVisualStudioVersion = 10.0.40219.1
Project("{FAE04EC0-301F-11D3-BF4B-00C04F79EFBC}") = "image_to_flash_transfer", "image_to_flash_transfer\image_to_flash_transfer.csproj", "{0280133D-CBD9-4934-8BFC-E7CF3EA6B86F}"
EndProject
Global
	GlobalSection(SolutionConfigurationPlatforms) = preSolution
		Debug|Any CPU = Debug|Any CPU
		Release|Any CPU = Release|Any CPU
	EndGlobalSection
	GlobalSection(ProjectConfigurationPlatforms) = postSolution
		{0280133D-CBD9-4934-8BFC-E7CF3EA6B86F}.Debug|Any CPU.ActiveCfg = Debug|Any CPU
		{0280133D-CBD9-4934-8BFC-E7CF3EA6B86F}.Debug|Any CPU.Build.0 = Debug|Any CPU
		{0280133D-CBD9-4934-8BFC-E7CF3EA6B86F}.Release|Any CPU.ActiveCfg = Release|Any CPU
		{0280133D-CBD9-4934-8BFC-E7CF3EA6B86F}.Release|Any CPU.Build.0 = Release|Any CPU
	EndGlobalSection
	GlobalSection(SolutionProperties) = preSolution
		HideSolutionNode = FALSE
	EndGlobalSection
	GlobalSection(ExtensibilityGlobals) = postSolution
		SolutionGuid = {96C6398C-C080-4FF0-8EB7-9561F4262213}
	EndGlobalSection
EndGlobal
